github.com/listnt/tasks2 v0.0.0-20210917044554-8b9ca0da9e39 h1:kRulv4y/M6EMyazxwV45nMR42vbg1oILyeUKv4GWZdQ=
github.com/listnt/tasks2 v0.0.0-20210917044554-8b9ca0da9e39/go.mod h1:kn/LHYnBPM1+fGy7tJUCxIYmhpe2UrvcxWNeveHa99k=
github.com/mitchellh/go-ps v1.0.0 h1:i6ampVEEF4wQFF+bkYfwYgY+F/uYJDktmvLPf7qIgjc=
github.com/mitchellh/go-ps v1.0.0/go.mod h1:J4lOc8z8yJs6vUwklHw2XEIiT4z4C40KtWVN3nvg8Pg=
